// !$*UTF8*$!
{
	archiveVersion = 1;
	classes = {
	};
	objectVersion = 50;
	objects = {

/* Begin PBXBuildFile section */
		1CDC73553CB1ECF2468111E3 /* Pods_RandomUserDemo.framework in Frameworks */ = {isa = PBXBuildFile; fileRef = E9B0890C13A089329B0F2452 /* Pods_RandomUserDemo.framework */; };
		8452BF392418E23B0044A5CC /* AppDelegate.swift in Sources */ = {isa = PBXBuildFile; fileRef = 8452BF382418E23B0044A5CC /* AppDelegate.swift */; };
		8452BF3D2418E23B0044A5CC /* RandomUserViewController.swift in Sources */ = {isa = PBXBuildFile; fileRef = 8452BF3C2418E23B0044A5CC /* RandomUserViewController.swift */; };
		8452BF422418E23C0044A5CC /* Assets.xcassets in Resources */ = {isa = PBXBuildFile; fileRef = 8452BF412418E23C0044A5CC /* Assets.xcassets */; };
		8452BF452418E23C0044A5CC /* LaunchScreen.storyboard in Resources */ = {isa = PBXBuildFile; fileRef = 8452BF432418E23C0044A5CC /* LaunchScreen.storyboard */; };
		8452BF4D2418E4560044A5CC /* RandomUserViewController.storyboard in Resources */ = {isa = PBXBuildFile; fileRef = 8452BF4C2418E4560044A5CC /* RandomUserViewController.storyboard */; };
		8452BF692418F8DD0044A5CC /* RxBindable.swift in Sources */ = {isa = PBXBuildFile; fileRef = 8452BF4F2418F8DC0044A5CC /* RxBindable.swift */; };
		8452BF6A2418F8DD0044A5CC /* Extensions.swift in Sources */ = {isa = PBXBuildFile; fileRef = 8452BF512418F8DC0044A5CC /* Extensions.swift */; };
		8452BF6B2418F8DD0044A5CC /* UIKitExtensions.swift in Sources */ = {isa = PBXBuildFile; fileRef = 8452BF522418F8DC0044A5CC /* UIKitExtensions.swift */; };
		8452BF6D2418F8DD0044A5CC /* APIResponse.swift in Sources */ = {isa = PBXBuildFile; fileRef = 8452BF582418F8DD0044A5CC /* APIResponse.swift */; };
		8452BF6E2418F8DD0044A5CC /* RandomuserAPISource.swift in Sources */ = {isa = PBXBuildFile; fileRef = 8452BF5A2418F8DD0044A5CC /* RandomuserAPISource.swift */; };
		8452BF6F2418F8DD0044A5CC /* AppError.swift in Sources */ = {isa = PBXBuildFile; fileRef = 8452BF5C2418F8DD0044A5CC /* AppError.swift */; };
		8452BF702418F8DD0044A5CC /* AppError+Network.swift in Sources */ = {isa = PBXBuildFile; fileRef = 8452BF5D2418F8DD0044A5CC /* AppError+Network.swift */; };
		8452BF712418F8DD0044A5CC /* AppError+File.swift in Sources */ = {isa = PBXBuildFile; fileRef = 8452BF5E2418F8DD0044A5CC /* AppError+File.swift */; };
		8452BF722418F8DD0044A5CC /* RandomuserRequest.swift in Sources */ = {isa = PBXBuildFile; fileRef = 8452BF602418F8DD0044A5CC /* RandomuserRequest.swift */; };
		8452BF732418F8DD0044A5CC /* RandomUserNetworkService.swift in Sources */ = {isa = PBXBuildFile; fileRef = 8452BF622418F8DD0044A5CC /* RandomUserNetworkService.swift */; };
		8452BF742418F8DD0044A5CC /* NetworkServiceProtocol.swift in Sources */ = {isa = PBXBuildFile; fileRef = 8452BF642418F8DD0044A5CC /* NetworkServiceProtocol.swift */; };
		8452BF752418F8DD0044A5CC /* APIClientSource.swift in Sources */ = {isa = PBXBuildFile; fileRef = 8452BF652418F8DD0044A5CC /* APIClientSource.swift */; };
		8452BF762418F8DD0044A5CC /* APIRx.swift in Sources */ = {isa = PBXBuildFile; fileRef = 8452BF662418F8DD0044A5CC /* APIRx.swift */; };
		8452BF772418F8DD0044A5CC /* APIRequest.swift in Sources */ = {isa = PBXBuildFile; fileRef = 8452BF672418F8DD0044A5CC /* APIRequest.swift */; };
		8452BF822418F91A0044A5CC /* AnimateLoadingView.swift in Sources */ = {isa = PBXBuildFile; fileRef = 8452BF7D2418F91A0044A5CC /* AnimateLoadingView.swift */; };
		8452BF842418F91A0044A5CC /* LoadingViewable.swift in Sources */ = {isa = PBXBuildFile; fileRef = 8452BF7F2418F91A0044A5CC /* LoadingViewable.swift */; };
		8452BF852418F91A0044A5CC /* LoadingView.swift in Sources */ = {isa = PBXBuildFile; fileRef = 8452BF802418F91A0044A5CC /* LoadingView.swift */; };
		8452BF9A241903B40044A5CC /* Person.swift in Sources */ = {isa = PBXBuildFile; fileRef = 8452BF99241903B40044A5CC /* Person.swift */; };
		8452BF9C241903BD0044A5CC /* Persons.swift in Sources */ = {isa = PBXBuildFile; fileRef = 8452BF9B241903BD0044A5CC /* Persons.swift */; };
		8452BFA024190AFA0044A5CC /* RandomUserVC+Actions.swift in Sources */ = {isa = PBXBuildFile; fileRef = 8452BF9F24190AFA0044A5CC /* RandomUserVC+Actions.swift */; };
		8452BFA224190B210044A5CC /* RandomUserViewModel.swift in Sources */ = {isa = PBXBuildFile; fileRef = 8452BFA124190B210044A5CC /* RandomUserViewModel.swift */; };
		8452BFA424190B410044A5CC /* RandomUserConfigurator.swift in Sources */ = {isa = PBXBuildFile; fileRef = 8452BFA324190B410044A5CC /* RandomUserConfigurator.swift */; };
		8452BFA7241915D40044A5CC /* PersonCell.swift in Sources */ = {isa = PBXBuildFile; fileRef = 8452BFA6241915D40044A5CC /* PersonCell.swift */; };
		8452BFA9241917620044A5CC /* PersonCell.xib in Resources */ = {isa = PBXBuildFile; fileRef = 8452BFA8241917620044A5CC /* PersonCell.xib */; };
		848296C1241935F500D6C9F7 /* UserDescriptionViewController.swift in Sources */ = {isa = PBXBuildFile; fileRef = 848296C0241935F500D6C9F7 /* UserDescriptionViewController.swift */; };
		848296C32419361500D6C9F7 /* UserDescriptionViewController.storyboard in Resources */ = {isa = PBXBuildFile; fileRef = 848296C22419361500D6C9F7 /* UserDescriptionViewController.storyboard */; };
		848296C524193E6D00D6C9F7 /* UserDescriptionConfigurator.swift in Sources */ = {isa = PBXBuildFile; fileRef = 848296C424193E6D00D6C9F7 /* UserDescriptionConfigurator.swift */; };
		848296C724193E8E00D6C9F7 /* ViewControllerConfigureType.swift in Sources */ = {isa = PBXBuildFile; fileRef = 848296C624193E8E00D6C9F7 /* ViewControllerConfigureType.swift */; };
		848296C9241943CB00D6C9F7 /* RandomUserVC+NavigationAnimation.swift in Sources */ = {isa = PBXBuildFile; fileRef = 848296C8241943CB00D6C9F7 /* RandomUserVC+NavigationAnimation.swift */; };
		848296CC2419440D00D6C9F7 /* NavigationControllerAnimation.swift in Sources */ = {isa = PBXBuildFile; fileRef = 848296CB2419440D00D6C9F7 /* NavigationControllerAnimation.swift */; };
		848296CF241A345B00D6C9F7 /* DateFormatter.swift in Sources */ = {isa = PBXBuildFile; fileRef = 848296CE241A345B00D6C9F7 /* DateFormatter.swift */; };
/* End PBXBuildFile section */

/* Begin PBXFileReference section */
		5C6C401D75A6A4BF4B35AC95 /* Pods-RandomUserDemo.release.xcconfig */ = {isa = PBXFileReference; includeInIndex = 1; lastKnownFileType = text.xcconfig; name = "Pods-RandomUserDemo.release.xcconfig"; path = "Target Support Files/Pods-RandomUserDemo/Pods-RandomUserDemo.release.xcconfig"; sourceTree = "<group>"; };
		8452BF352418E23B0044A5CC /* RandomUserDemo.app */ = {isa = PBXFileReference; explicitFileType = wrapper.application; includeInIndex = 0; path = RandomUserDemo.app; sourceTree = BUILT_PRODUCTS_DIR; };
		8452BF382418E23B0044A5CC /* AppDelegate.swift */ = {isa = PBXFileReference; lastKnownFileType = sourcecode.swift; path = AppDelegate.swift; sourceTree = "<group>"; };
		8452BF3C2418E23B0044A5CC /* RandomUserViewController.swift */ = {isa = PBXFileReference; lastKnownFileType = sourcecode.swift; path = RandomUserViewController.swift; sourceTree = "<group>"; };
		8452BF412418E23C0044A5CC /* Assets.xcassets */ = {isa = PBXFileReference; lastKnownFileType = folder.assetcatalog; path = Assets.xcassets; sourceTree = "<group>"; };
		8452BF442418E23C0044A5CC /* Base */ = {isa = PBXFileReference; lastKnownFileType = file.storyboard; name = Base; path = Base.lproj/LaunchScreen.storyboard; sourceTree = "<group>"; };
		8452BF462418E23C0044A5CC /* Info.plist */ = {isa = PBXFileReference; lastKnownFileType = text.plist.xml; path = Info.plist; sourceTree = "<group>"; };
		8452BF4C2418E4560044A5CC /* RandomUserViewController.storyboard */ = {isa = PBXFileReference; lastKnownFileType = file.storyboard; path = RandomUserViewController.storyboard; sourceTree = "<group>"; };
		8452BF4F2418F8DC0044A5CC /* RxBindable.swift */ = {isa = PBXFileReference; fileEncoding = 4; lastKnownFileType = sourcecode.swift; path = RxBindable.swift; sourceTree = "<group>"; };
		8452BF512418F8DC0044A5CC /* Extensions.swift */ = {isa = PBXFileReference; fileEncoding = 4; lastKnownFileType = sourcecode.swift; path = Extensions.swift; sourceTree = "<group>"; };
		8452BF522418F8DC0044A5CC /* UIKitExtensions.swift */ = {isa = PBXFileReference; fileEncoding = 4; lastKnownFileType = sourcecode.swift; path = UIKitExtensions.swift; sourceTree = "<group>"; };
		8452BF582418F8DD0044A5CC /* APIResponse.swift */ = {isa = PBXFileReference; fileEncoding = 4; lastKnownFileType = sourcecode.swift; name = APIResponse.swift; path = ../Response/APIResponse.swift; sourceTree = "<group>"; };
		8452BF5A2418F8DD0044A5CC /* RandomuserAPISource.swift */ = {isa = PBXFileReference; fileEncoding = 4; lastKnownFileType = sourcecode.swift; path = RandomuserAPISource.swift; sourceTree = "<group>"; };
		8452BF5C2418F8DD0044A5CC /* AppError.swift */ = {isa = PBXFileReference; fileEncoding = 4; lastKnownFileType = sourcecode.swift; path = AppError.swift; sourceTree = "<group>"; };
		8452BF5D2418F8DD0044A5CC /* AppError+Network.swift */ = {isa = PBXFileReference; fileEncoding = 4; lastKnownFileType = sourcecode.swift; path = "AppError+Network.swift"; sourceTree = "<group>"; };
		8452BF5E2418F8DD0044A5CC /* AppError+File.swift */ = {isa = PBXFileReference; fileEncoding = 4; lastKnownFileType = sourcecode.swift; path = "AppError+File.swift"; sourceTree = "<group>"; };
		8452BF602418F8DD0044A5CC /* RandomuserRequest.swift */ = {isa = PBXFileReference; fileEncoding = 4; lastKnownFileType = sourcecode.swift; path = RandomuserRequest.swift; sourceTree = "<group>"; };
		8452BF622418F8DD0044A5CC /* RandomUserNetworkService.swift */ = {isa = PBXFileReference; fileEncoding = 4; lastKnownFileType = sourcecode.swift; path = RandomUserNetworkService.swift; sourceTree = "<group>"; };
		8452BF642418F8DD0044A5CC /* NetworkServiceProtocol.swift */ = {isa = PBXFileReference; fileEncoding = 4; lastKnownFileType = sourcecode.swift; path = NetworkServiceProtocol.swift; sourceTree = "<group>"; };
		8452BF652418F8DD0044A5CC /* APIClientSource.swift */ = {isa = PBXFileReference; fileEncoding = 4; lastKnownFileType = sourcecode.swift; path = APIClientSource.swift; sourceTree = "<group>"; };
		8452BF662418F8DD0044A5CC /* APIRx.swift */ = {isa = PBXFileReference; fileEncoding = 4; lastKnownFileType = sourcecode.swift; path = APIRx.swift; sourceTree = "<group>"; };
		8452BF672418F8DD0044A5CC /* APIRequest.swift */ = {isa = PBXFileReference; fileEncoding = 4; lastKnownFileType = sourcecode.swift; path = APIRequest.swift; sourceTree = "<group>"; };
		8452BF7D2418F91A0044A5CC /* AnimateLoadingView.swift */ = {isa = PBXFileReference; fileEncoding = 4; lastKnownFileType = sourcecode.swift; path = AnimateLoadingView.swift; sourceTree = "<group>"; };
		8452BF7F2418F91A0044A5CC /* LoadingViewable.swift */ = {isa = PBXFileReference; fileEncoding = 4; lastKnownFileType = sourcecode.swift; path = LoadingViewable.swift; sourceTree = "<group>"; };
		8452BF802418F91A0044A5CC /* LoadingView.swift */ = {isa = PBXFileReference; fileEncoding = 4; lastKnownFileType = sourcecode.swift; path = LoadingView.swift; sourceTree = "<group>"; };
		8452BF99241903B40044A5CC /* Person.swift */ = {isa = PBXFileReference; lastKnownFileType = sourcecode.swift; path = Person.swift; sourceTree = "<group>"; };
		8452BF9B241903BD0044A5CC /* Persons.swift */ = {isa = PBXFileReference; lastKnownFileType = sourcecode.swift; path = Persons.swift; sourceTree = "<group>"; };
		8452BF9F24190AFA0044A5CC /* RandomUserVC+Actions.swift */ = {isa = PBXFileReference; lastKnownFileType = sourcecode.swift; path = "RandomUserVC+Actions.swift"; sourceTree = "<group>"; };
		8452BFA124190B210044A5CC /* RandomUserViewModel.swift */ = {isa = PBXFileReference; lastKnownFileType = sourcecode.swift; path = RandomUserViewModel.swift; sourceTree = "<group>"; };
		8452BFA324190B410044A5CC /* RandomUserConfigurator.swift */ = {isa = PBXFileReference; lastKnownFileType = sourcecode.swift; path = RandomUserConfigurator.swift; sourceTree = "<group>"; };
		8452BFA6241915D40044A5CC /* PersonCell.swift */ = {isa = PBXFileReference; lastKnownFileType = sourcecode.swift; path = PersonCell.swift; sourceTree = "<group>"; };
		8452BFA8241917620044A5CC /* PersonCell.xib */ = {isa = PBXFileReference; lastKnownFileType = file.xib; path = PersonCell.xib; sourceTree = "<group>"; };
		848296C0241935F500D6C9F7 /* UserDescriptionViewController.swift */ = {isa = PBXFileReference; lastKnownFileType = sourcecode.swift; path = UserDescriptionViewController.swift; sourceTree = "<group>"; };
		848296C22419361500D6C9F7 /* UserDescriptionViewController.storyboard */ = {isa = PBXFileReference; lastKnownFileType = file.storyboard; path = UserDescriptionViewController.storyboard; sourceTree = "<group>"; };
		848296C424193E6D00D6C9F7 /* UserDescriptionConfigurator.swift */ = {isa = PBXFileReference; lastKnownFileType = sourcecode.swift; path = UserDescriptionConfigurator.swift; sourceTree = "<group>"; };
		848296C624193E8E00D6C9F7 /* ViewControllerConfigureType.swift */ = {isa = PBXFileReference; lastKnownFileType = sourcecode.swift; path = ViewControllerConfigureType.swift; sourceTree = "<group>"; };
		848296C8241943CB00D6C9F7 /* RandomUserVC+NavigationAnimation.swift */ = {isa = PBXFileReference; lastKnownFileType = sourcecode.swift; path = "RandomUserVC+NavigationAnimation.swift"; sourceTree = "<group>"; };
		848296CB2419440D00D6C9F7 /* NavigationControllerAnimation.swift */ = {isa = PBXFileReference; lastKnownFileType = sourcecode.swift; path = NavigationControllerAnimation.swift; sourceTree = "<group>"; };
		848296CE241A345B00D6C9F7 /* DateFormatter.swift */ = {isa = PBXFileReference; lastKnownFileType = sourcecode.swift; path = DateFormatter.swift; sourceTree = "<group>"; };
		E6F6F6DB10791B309D7F6C9F /* Pods-RandomUserDemo.debug.xcconfig */ = {isa = PBXFileReference; includeInIndex = 1; lastKnownFileType = text.xcconfig; name = "Pods-RandomUserDemo.debug.xcconfig"; path = "Target Support Files/Pods-RandomUserDemo/Pods-RandomUserDemo.debug.xcconfig"; sourceTree = "<group>"; };
		E9B0890C13A089329B0F2452 /* Pods_RandomUserDemo.framework */ = {isa = PBXFileReference; explicitFileType = wrapper.framework; includeInIndex = 0; path = Pods_RandomUserDemo.framework; sourceTree = BUILT_PRODUCTS_DIR; };
/* End PBXFileReference section */

/* Begin PBXFrameworksBuildPhase section */
		8452BF322418E23B0044A5CC /* Frameworks */ = {
			isa = PBXFrameworksBuildPhase;
			buildActionMask = 2147483647;
			files = (
				1CDC73553CB1ECF2468111E3 /* Pods_RandomUserDemo.framework in Frameworks */,
			);
			runOnlyForDeploymentPostprocessing = 0;
		};
/* End PBXFrameworksBuildPhase section */

/* Begin PBXGroup section */
		479E5D149A3ECC7FD3250897 /* Pods */ = {
			isa = PBXGroup;
			children = (
				E6F6F6DB10791B309D7F6C9F /* Pods-RandomUserDemo.debug.xcconfig */,
				5C6C401D75A6A4BF4B35AC95 /* Pods-RandomUserDemo.release.xcconfig */,
			);
			path = Pods;
			sourceTree = "<group>";
		};
		8452BF2C2418E23A0044A5CC = {
			isa = PBXGroup;
			children = (
				8452BF372418E23B0044A5CC /* RandomUserDemo */,
				8452BF362418E23B0044A5CC /* Products */,
				479E5D149A3ECC7FD3250897 /* Pods */,
				B0EDEBB51FABB1C38B91C97F /* Frameworks */,
			);
			sourceTree = "<group>";
		};
		8452BF362418E23B0044A5CC /* Products */ = {
			isa = PBXGroup;
			children = (
				8452BF352418E23B0044A5CC /* RandomUserDemo.app */,
			);
			name = Products;
			sourceTree = "<group>";
		};
		8452BF372418E23B0044A5CC /* RandomUserDemo */ = {
			isa = PBXGroup;
			children = (
				8452BF382418E23B0044A5CC /* AppDelegate.swift */,
				848296C624193E8E00D6C9F7 /* ViewControllerConfigureType.swift */,
				8452BF862418FA150044A5CC /* Model */,
				8452BF792418F91A0044A5CC /* Views */,
				8452BF502418F8DC0044A5CC /* Extension */,
				8452BF4E2418F8DC0044A5CC /* RX */,
				8452BF552418F8DD0044A5CC /* Workers */,
				8452BF8C2418FA8D0044A5CC /* RandomUserList */,
				848296BF241935D900D6C9F7 /* UserDescription */,
				8452BF9E241904C80044A5CC /* Others */,
				8452BF462418E23C0044A5CC /* Info.plist */,
			);
			path = RandomUserDemo;
			sourceTree = "<group>";
		};
		8452BF4E2418F8DC0044A5CC /* RX */ = {
			isa = PBXGroup;
			children = (
				8452BF4F2418F8DC0044A5CC /* RxBindable.swift */,
			);
			path = RX;
			sourceTree = "<group>";
		};
		8452BF502418F8DC0044A5CC /* Extension */ = {
			isa = PBXGroup;
			children = (
				8452BF512418F8DC0044A5CC /* Extensions.swift */,
				8452BF522418F8DC0044A5CC /* UIKitExtensions.swift */,
			);
			path = Extension;
			sourceTree = "<group>";
		};
		8452BF552418F8DD0044A5CC /* Workers */ = {
			isa = PBXGroup;
			children = (
				848296CD241A344E00D6C9F7 /* DateFormatter */,
				8452BF5B2418F8DD0044A5CC /* CustomError */,
				8452BF562418F8DD0044A5CC /* API */,
			);
			path = Workers;
			sourceTree = "<group>";
		};
		8452BF562418F8DD0044A5CC /* API */ = {
			isa = PBXGroup;
			children = (
				8452BF632418F8DD0044A5CC /* Base */,
				8452BF9D241904AA0044A5CC /* RandomUser */,
			);
			path = API;
			sourceTree = "<group>";
		};
		8452BF592418F8DD0044A5CC /* Source */ = {
			isa = PBXGroup;
			children = (
				8452BF5A2418F8DD0044A5CC /* RandomuserAPISource.swift */,
			);
			path = Source;
			sourceTree = "<group>";
		};
		8452BF5B2418F8DD0044A5CC /* CustomError */ = {
			isa = PBXGroup;
			children = (
				8452BF5C2418F8DD0044A5CC /* AppError.swift */,
				8452BF5D2418F8DD0044A5CC /* AppError+Network.swift */,
				8452BF5E2418F8DD0044A5CC /* AppError+File.swift */,
			);
			path = CustomError;
			sourceTree = "<group>";
		};
		8452BF5F2418F8DD0044A5CC /* Request */ = {
			isa = PBXGroup;
			children = (
				8452BF602418F8DD0044A5CC /* RandomuserRequest.swift */,
			);
			path = Request;
			sourceTree = "<group>";
		};
		8452BF612418F8DD0044A5CC /* Service */ = {
			isa = PBXGroup;
			children = (
				8452BF622418F8DD0044A5CC /* RandomUserNetworkService.swift */,
			);
			path = Service;
			sourceTree = "<group>";
		};
		8452BF632418F8DD0044A5CC /* Base */ = {
			isa = PBXGroup;
			children = (
				8452BF642418F8DD0044A5CC /* NetworkServiceProtocol.swift */,
				8452BF652418F8DD0044A5CC /* APIClientSource.swift */,
				8452BF662418F8DD0044A5CC /* APIRx.swift */,
				8452BF672418F8DD0044A5CC /* APIRequest.swift */,
				8452BF582418F8DD0044A5CC /* APIResponse.swift */,
			);
			path = Base;
			sourceTree = "<group>";
		};
		8452BF792418F91A0044A5CC /* Views */ = {
			isa = PBXGroup;
			children = (
				848296CA2419440000D6C9F7 /* Animations */,
				8452BF7C2418F91A0044A5CC /* LoadingIndicator */,
			);
			path = Views;
			sourceTree = "<group>";
		};
		8452BF7C2418F91A0044A5CC /* LoadingIndicator */ = {
			isa = PBXGroup;
			children = (
				8452BF7D2418F91A0044A5CC /* AnimateLoadingView.swift */,
				8452BF7F2418F91A0044A5CC /* LoadingViewable.swift */,
				8452BF802418F91A0044A5CC /* LoadingView.swift */,
			);
			path = LoadingIndicator;
			sourceTree = "<group>";
		};
		8452BF862418FA150044A5CC /* Model */ = {
			isa = PBXGroup;
			children = (
				8452BF98241903A80044A5CC /* Person */,
			);
			path = Model;
			sourceTree = "<group>";
		};
		8452BF8C2418FA8D0044A5CC /* RandomUserList */ = {
			isa = PBXGroup;
			children = (
				8452BFA5241915CB0044A5CC /* Cells */,
				8452BF4C2418E4560044A5CC /* RandomUserViewController.storyboard */,
				8452BF3C2418E23B0044A5CC /* RandomUserViewController.swift */,
				8452BF9F24190AFA0044A5CC /* RandomUserVC+Actions.swift */,
				8452BFA124190B210044A5CC /* RandomUserViewModel.swift */,
				8452BFA324190B410044A5CC /* RandomUserConfigurator.swift */,
				848296C8241943CB00D6C9F7 /* RandomUserVC+NavigationAnimation.swift */,
			);
			path = RandomUserList;
			sourceTree = "<group>";
		};
		8452BF98241903A80044A5CC /* Person */ = {
			isa = PBXGroup;
			children = (
				8452BF99241903B40044A5CC /* Person.swift */,
				8452BF9B241903BD0044A5CC /* Persons.swift */,
			);
			path = Person;
			sourceTree = "<group>";
		};
		8452BF9D241904AA0044A5CC /* RandomUser */ = {
			isa = PBXGroup;
			children = (
				8452BF592418F8DD0044A5CC /* Source */,
				8452BF5F2418F8DD0044A5CC /* Request */,
				8452BF612418F8DD0044A5CC /* Service */,
			);
			path = RandomUser;
			sourceTree = "<group>";
		};
		8452BF9E241904C80044A5CC /* Others */ = {
			isa = PBXGroup;
			children = (
				8452BF412418E23C0044A5CC /* Assets.xcassets */,
				8452BF432418E23C0044A5CC /* LaunchScreen.storyboard */,
			);
			path = Others;
			sourceTree = "<group>";
		};
		8452BFA5241915CB0044A5CC /* Cells */ = {
			isa = PBXGroup;
			children = (
				8452BFA8241917620044A5CC /* PersonCell.xib */,
				8452BFA6241915D40044A5CC /* PersonCell.swift */,
			);
			path = Cells;
			sourceTree = "<group>";
		};
		848296BF241935D900D6C9F7 /* UserDescription */ = {
			isa = PBXGroup;
			children = (
				848296C22419361500D6C9F7 /* UserDescriptionViewController.storyboard */,
				848296C0241935F500D6C9F7 /* UserDescriptionViewController.swift */,
				848296C424193E6D00D6C9F7 /* UserDescriptionConfigurator.swift */,
			);
			path = UserDescription;
			sourceTree = "<group>";
		};
		848296CA2419440000D6C9F7 /* Animations */ = {
			isa = PBXGroup;
			children = (
				848296CB2419440D00D6C9F7 /* NavigationControllerAnimation.swift */,
			);
			path = Animations;
			sourceTree = "<group>";
		};
		848296CD241A344E00D6C9F7 /* DateFormatter */ = {
			isa = PBXGroup;
			children = (
				848296CE241A345B00D6C9F7 /* DateFormatter.swift */,
			);
			path = DateFormatter;
			sourceTree = "<group>";
		};
		B0EDEBB51FABB1C38B91C97F /* Frameworks */ = {
			isa = PBXGroup;
			children = (
				E9B0890C13A089329B0F2452 /* Pods_RandomUserDemo.framework */,
			);
			name = Frameworks;
			sourceTree = "<group>";
		};
/* End PBXGroup section */

/* Begin PBXNativeTarget section */
		8452BF342418E23B0044A5CC /* RandomUserDemo */ = {
			isa = PBXNativeTarget;
			buildConfigurationList = 8452BF492418E23C0044A5CC /* Build configuration list for PBXNativeTarget "RandomUserDemo" */;
			buildPhases = (
				C4A041230587BA02F8BB5CF5 /* [CP] Check Pods Manifest.lock */,
				8452BF312418E23B0044A5CC /* Sources */,
				8452BF322418E23B0044A5CC /* Frameworks */,
				8452BF332418E23B0044A5CC /* Resources */,
				AC51FD6246F2B75978B635CA /* [CP] Embed Pods Frameworks */,
			);
			buildRules = (
			);
			dependencies = (
			);
			name = RandomUserDemo;
			productName = RandomUserDemo;
			productReference = 8452BF352418E23B0044A5CC /* RandomUserDemo.app */;
			productType = "com.apple.product-type.application";
		};
/* End PBXNativeTarget section */

/* Begin PBXProject section */
		8452BF2D2418E23B0044A5CC /* Project object */ = {
			isa = PBXProject;
			attributes = {
				LastSwiftUpdateCheck = 1130;
				LastUpgradeCheck = 1130;
				ORGANIZATIONNAME = "Ivan Bolgov";
				TargetAttributes = {
					8452BF342418E23B0044A5CC = {
						CreatedOnToolsVersion = 11.3.1;
					};
				};
			};
			buildConfigurationList = 8452BF302418E23B0044A5CC /* Build configuration list for PBXProject "RandomUserDemo" */;
			compatibilityVersion = "Xcode 9.3";
			developmentRegion = en;
			hasScannedForEncodings = 0;
			knownRegions = (
				en,
				Base,
			);
			mainGroup = 8452BF2C2418E23A0044A5CC;
			productRefGroup = 8452BF362418E23B0044A5CC /* Products */;
			projectDirPath = "";
			projectRoot = "";
			targets = (
				8452BF342418E23B0044A5CC /* RandomUserDemo */,
			);
		};
/* End PBXProject section */

/* Begin PBXResourcesBuildPhase section */
		8452BF332418E23B0044A5CC /* Resources */ = {
			isa = PBXResourcesBuildPhase;
			buildActionMask = 2147483647;
			files = (
				8452BF452418E23C0044A5CC /* LaunchScreen.storyboard in Resources */,
				8452BF422418E23C0044A5CC /* Assets.xcassets in Resources */,
				8452BFA9241917620044A5CC /* PersonCell.xib in Resources */,
				8452BF4D2418E4560044A5CC /* RandomUserViewController.storyboard in Resources */,
				848296C32419361500D6C9F7 /* UserDescriptionViewController.storyboard in Resources */,
			);
			runOnlyForDeploymentPostprocessing = 0;
		};
/* End PBXResourcesBuildPhase section */

/* Begin PBXShellScriptBuildPhase section */
		AC51FD6246F2B75978B635CA /* [CP] Embed Pods Frameworks */ = {
			isa = PBXShellScriptBuildPhase;
			buildActionMask = 2147483647;
			files = (
			);
			inputFileListPaths = (
			);
			inputPaths = (
				"${PODS_ROOT}/Target Support Files/Pods-RandomUserDemo/Pods-RandomUserDemo-frameworks.sh",
				"${BUILT_PRODUCTS_DIR}/RxCocoa/RxCocoa.framework",
				"${BUILT_PRODUCTS_DIR}/RxRelay/RxRelay.framework",
				"${BUILT_PRODUCTS_DIR}/RxSwift/RxSwift.framework",
			);
			name = "[CP] Embed Pods Frameworks";
			outputFileListPaths = (
			);
			outputPaths = (
				"${TARGET_BUILD_DIR}/${FRAMEWORKS_FOLDER_PATH}/RxCocoa.framework",
				"${TARGET_BUILD_DIR}/${FRAMEWORKS_FOLDER_PATH}/RxRelay.framework",
				"${TARGET_BUILD_DIR}/${FRAMEWORKS_FOLDER_PATH}/RxSwift.framework",
			);
			runOnlyForDeploymentPostprocessing = 0;
			shellPath = /bin/sh;
			shellScript = "\"${PODS_ROOT}/Target Support Files/Pods-RandomUserDemo/Pods-RandomUserDemo-frameworks.sh\"\n";
			showEnvVarsInLog = 0;
		};
		C4A041230587BA02F8BB5CF5 /* [CP] Check Pods Manifest.lock */ = {
			isa = PBXShellScriptBuildPhase;
			buildActionMask = 2147483647;
			files = (
			);
			inputFileListPaths = (
			);
			inputPaths = (
				"${PODS_PODFILE_DIR_PATH}/Podfile.lock",
				"${PODS_ROOT}/Manifest.lock",
			);
			name = "[CP] Check Pods Manifest.lock";
			outputFileListPaths = (
			);
			outputPaths = (
				"$(DERIVED_FILE_DIR)/Pods-RandomUserDemo-checkManifestLockResult.txt",
			);
			runOnlyForDeploymentPostprocessing = 0;
			shellPath = /bin/sh;
			shellScript = "diff \"${PODS_PODFILE_DIR_PATH}/Podfile.lock\" \"${PODS_ROOT}/Manifest.lock\" > /dev/null\nif [ $? != 0 ] ; then\n    # print error to STDERR\n    echo \"error: The sandbox is not in sync with the Podfile.lock. Run 'pod install' or update your CocoaPods installation.\" >&2\n    exit 1\nfi\n# This output is used by Xcode 'outputs' to avoid re-running this script phase.\necho \"SUCCESS\" > \"${SCRIPT_OUTPUT_FILE_0}\"\n";
			showEnvVarsInLog = 0;
		};
/* End PBXShellScriptBuildPhase section */

/* Begin PBXSourcesBuildPhase section */
		8452BF312418E23B0044A5CC /* Sources */ = {
			isa = PBXSourcesBuildPhase;
			buildActionMask = 2147483647;
			files = (
				848296C1241935F500D6C9F7 /* UserDescriptionViewController.swift in Sources */,
				8452BF6D2418F8DD0044A5CC /* APIResponse.swift in Sources */,
				8452BF712418F8DD0044A5CC /* AppError+File.swift in Sources */,
				8452BFA424190B410044A5CC /* RandomUserConfigurator.swift in Sources */,
				8452BF852418F91A0044A5CC /* LoadingView.swift in Sources */,
				8452BF752418F8DD0044A5CC /* APIClientSource.swift in Sources */,
				8452BF692418F8DD0044A5CC /* RxBindable.swift in Sources */,
				8452BF722418F8DD0044A5CC /* RandomuserRequest.swift in Sources */,
				8452BF9C241903BD0044A5CC /* Persons.swift in Sources */,
				8452BF6F2418F8DD0044A5CC /* AppError.swift in Sources */,
				8452BF3D2418E23B0044A5CC /* RandomUserViewController.swift in Sources */,
				8452BFA024190AFA0044A5CC /* RandomUserVC+Actions.swift in Sources */,
				8452BF392418E23B0044A5CC /* AppDelegate.swift in Sources */,
				8452BF6A2418F8DD0044A5CC /* Extensions.swift in Sources */,
				8452BF842418F91A0044A5CC /* LoadingViewable.swift in Sources */,
				8452BFA7241915D40044A5CC /* PersonCell.swift in Sources */,
				848296C9241943CB00D6C9F7 /* RandomUserVC+NavigationAnimation.swift in Sources */,
				8452BF6B2418F8DD0044A5CC /* UIKitExtensions.swift in Sources */,
				848296C524193E6D00D6C9F7 /* UserDescriptionConfigurator.swift in Sources */,
				8452BF762418F8DD0044A5CC /* APIRx.swift in Sources */,
				8452BF732418F8DD0044A5CC /* RandomUserNetworkService.swift in Sources */,
				848296CF241A345B00D6C9F7 /* DateFormatter.swift in Sources */,
				8452BFA224190B210044A5CC /* RandomUserViewModel.swift in Sources */,
				848296CC2419440D00D6C9F7 /* NavigationControllerAnimation.swift in Sources */,
				8452BF742418F8DD0044A5CC /* NetworkServiceProtocol.swift in Sources */,
				8452BF772418F8DD0044A5CC /* APIRequest.swift in Sources */,
				8452BF6E2418F8DD0044A5CC /* RandomuserAPISource.swift in Sources */,
				8452BF9A241903B40044A5CC /* Person.swift in Sources */,
				848296C724193E8E00D6C9F7 /* ViewControllerConfigureType.swift in Sources */,
				8452BF702418F8DD0044A5CC /* AppError+Network.swift in Sources */,
				8452BF822418F91A0044A5CC /* AnimateLoadingView.swift in Sources */,
			);
			runOnlyForDeploymentPostprocessing = 0;
		};
/* End PBXSourcesBuildPhase section */

/* Begin PBXVariantGroup section */
		8452BF432418E23C0044A5CC /* LaunchScreen.storyboard */ = {
			isa = PBXVariantGroup;
			children = (
				8452BF442418E23C0044A5CC /* Base */,
			);
			name = LaunchScreen.storyboard;
			sourceTree = "<group>";
		};
/* End PBXVariantGroup section */

/* Begin XCBuildConfiguration section */
		8452BF472418E23C0044A5CC /* Debug */ = {
			isa = XCBuildConfiguration;
			buildSettings = {
				ALWAYS_SEARCH_USER_PATHS = NO;
				CLANG_ANALYZER_NONNULL = YES;
				CLANG_ANALYZER_NUMBER_OBJECT_CONVERSION = YES_AGGRESSIVE;
				CLANG_CXX_LANGUAGE_STANDARD = "gnu++14";
				CLANG_CXX_LIBRARY = "libc++";
				CLANG_ENABLE_MODULES = YES;
				CLANG_ENABLE_OBJC_ARC = YES;
				CLANG_ENABLE_OBJC_WEAK = YES;
				CLANG_WARN_BLOCK_CAPTURE_AUTORELEASING = YES;
				CLANG_WARN_BOOL_CONVERSION = YES;
				CLANG_WARN_COMMA = YES;
				CLANG_WARN_CONSTANT_CONVERSION = YES;
				CLANG_WARN_DEPRECATED_OBJC_IMPLEMENTATIONS = YES;
				CLANG_WARN_DIRECT_OBJC_ISA_USAGE = YES_ERROR;
				CLANG_WARN_DOCUMENTATION_COMMENTS = YES;
				CLANG_WARN_EMPTY_BODY = YES;
				CLANG_WARN_ENUM_CONVERSION = YES;
				CLANG_WARN_INFINITE_RECURSION = YES;
				CLANG_WARN_INT_CONVERSION = YES;
				CLANG_WARN_NON_LITERAL_NULL_CONVERSION = YES;
				CLANG_WARN_OBJC_IMPLICIT_RETAIN_SELF = YES;
				CLANG_WARN_OBJC_LITERAL_CONVERSION = YES;
				CLANG_WARN_OBJC_ROOT_CLASS = YES_ERROR;
				CLANG_WARN_RANGE_LOOP_ANALYSIS = YES;
				CLANG_WARN_STRICT_PROTOTYPES = YES;
				CLANG_WARN_SUSPICIOUS_MOVE = YES;
				CLANG_WARN_UNGUARDED_AVAILABILITY = YES_AGGRESSIVE;
				CLANG_WARN_UNREACHABLE_CODE = YES;
				CLANG_WARN__DUPLICATE_METHOD_MATCH = YES;
				COPY_PHASE_STRIP = NO;
				DEBUG_INFORMATION_FORMAT = dwarf;
				ENABLE_STRICT_OBJC_MSGSEND = YES;
				ENABLE_TESTABILITY = YES;
				GCC_C_LANGUAGE_STANDARD = gnu11;
				GCC_DYNAMIC_NO_PIC = NO;
				GCC_NO_COMMON_BLOCKS = YES;
				GCC_OPTIMIZATION_LEVEL = 0;
				GCC_PREPROCESSOR_DEFINITIONS = (
					"DEBUG=1",
					"$(inherited)",
				);
				GCC_WARN_64_TO_32_BIT_CONVERSION = YES;
				GCC_WARN_ABOUT_RETURN_TYPE = YES_ERROR;
				GCC_WARN_UNDECLARED_SELECTOR = YES;
				GCC_WARN_UNINITIALIZED_AUTOS = YES_AGGRESSIVE;
				GCC_WARN_UNUSED_FUNCTION = YES;
				GCC_WARN_UNUSED_VARIABLE = YES;
				IPHONEOS_DEPLOYMENT_TARGET = 13.2;
				MTL_ENABLE_DEBUG_INFO = INCLUDE_SOURCE;
				MTL_FAST_MATH = YES;
				ONLY_ACTIVE_ARCH = YES;
				SDKROOT = iphoneos;
				SWIFT_ACTIVE_COMPILATION_CONDITIONS = DEBUG;
				SWIFT_OPTIMIZATION_LEVEL = "-Onone";
			};
			name = Debug;
		};
		8452BF482418E23C0044A5CC /* Release */ = {
			isa = XCBuildConfiguration;
			buildSettings = {
				ALWAYS_SEARCH_USER_PATHS = NO;
				CLANG_ANALYZER_NONNULL = YES;
				CLANG_ANALYZER_NUMBER_OBJECT_CONVERSION = YES_AGGRESSIVE;
				CLANG_CXX_LANGUAGE_STANDARD = "gnu++14";
				CLANG_CXX_LIBRARY = "libc++";
				CLANG_ENABLE_MODULES = YES;
				CLANG_ENABLE_OBJC_ARC = YES;
				CLANG_ENABLE_OBJC_WEAK = YES;
				CLANG_WARN_BLOCK_CAPTURE_AUTORELEASING = YES;
				CLANG_WARN_BOOL_CONVERSION = YES;
				CLANG_WARN_COMMA = YES;
				CLANG_WARN_CONSTANT_CONVERSION = YES;
				CLANG_WARN_DEPRECATED_OBJC_IMPLEMENTATIONS = YES;
				CLANG_WARN_DIRECT_OBJC_ISA_USAGE = YES_ERROR;
				CLANG_WARN_DOCUMENTATION_COMMENTS = YES;
				CLANG_WARN_EMPTY_BODY = YES;
				CLANG_WARN_ENUM_CONVERSION = YES;
				CLANG_WARN_INFINITE_RECURSION = YES;
				CLANG_WARN_INT_CONVERSION = YES;
				CLANG_WARN_NON_LITERAL_NULL_CONVERSION = YES;
				CLANG_WARN_OBJC_IMPLICIT_RETAIN_SELF = YES;
				CLANG_WARN_OBJC_LITERAL_CONVERSION = YES;
				CLANG_WARN_OBJC_ROOT_CLASS = YES_ERROR;
				CLANG_WARN_RANGE_LOOP_ANALYSIS = YES;
				CLANG_WARN_STRICT_PROTOTYPES = YES;
				CLANG_WARN_SUSPICIOUS_MOVE = YES;
				CLANG_WARN_UNGUARDED_AVAILABILITY = YES_AGGRESSIVE;
				CLANG_WARN_UNREACHABLE_CODE = YES;
				CLANG_WARN__DUPLICATE_METHOD_MATCH = YES;
				COPY_PHASE_STRIP = NO;
				DEBUG_INFORMATION_FORMAT = "dwarf-with-dsym";
				ENABLE_NS_ASSERTIONS = NO;
				ENABLE_STRICT_OBJC_MSGSEND = YES;
				GCC_C_LANGUAGE_STANDARD = gnu11;
				GCC_NO_COMMON_BLOCKS = YES;
				GCC_WARN_64_TO_32_BIT_CONVERSION = YES;
				GCC_WARN_ABOUT_RETURN_TYPE = YES_ERROR;
				GCC_WARN_UNDECLARED_SELECTOR = YES;
				GCC_WARN_UNINITIALIZED_AUTOS = YES_AGGRESSIVE;
				GCC_WARN_UNUSED_FUNCTION = YES;
				GCC_WARN_UNUSED_VARIABLE = YES;
				IPHONEOS_DEPLOYMENT_TARGET = 13.2;
				MTL_ENABLE_DEBUG_INFO = NO;
				MTL_FAST_MATH = YES;
				SDKROOT = iphoneos;
				SWIFT_COMPILATION_MODE = wholemodule;
				SWIFT_OPTIMIZATION_LEVEL = "-O";
				VALIDATE_PRODUCT = YES;
			};
			name = Release;
		};
		8452BF4A2418E23C0044A5CC /* Debug */ = {
			isa = XCBuildConfiguration;
			baseConfigurationReference = E6F6F6DB10791B309D7F6C9F /* Pods-RandomUserDemo.debug.xcconfig */;
			buildSettings = {
				ASSETCATALOG_COMPILER_APPICON_NAME = AppIcon;
				CODE_SIGN_STYLE = Automatic;
				DEVELOPMENT_TEAM = DU7RQJED2A;
				INFOPLIST_FILE = RandomUserDemo/Info.plist;
				LD_RUNPATH_SEARCH_PATHS = (
					"$(inherited)",
					"@executable_path/Frameworks",
				);
				PRODUCT_BUNDLE_IDENTIFIER = "Ivan-Bolgov.RandomUserDemo";
				PRODUCT_NAME = "$(TARGET_NAME)";
				SWIFT_VERSION = 5.0;
				TARGETED_DEVICE_FAMILY = "1,2";
			};
			name = Debug;
		};
		8452BF4B2418E23C0044A5CC /* Release */ = {
			isa = XCBuildConfiguration;
			baseConfigurationReference = 5C6C401D75A6A4BF4B35AC95 /* Pods-RandomUserDemo.release.xcconfig */;
			buildSettings = {
				ASSETCATALOG_COMPILER_APPICON_NAME = AppIcon;
				CODE_SIGN_STYLE = Automatic;
				DEVELOPMENT_TEAM = DU7RQJED2A;
				INFOPLIST_FILE = RandomUserDemo/Info.plist;
				LD_RUNPATH_SEARCH_PATHS = (
					"$(inherited)",
					"@executable_path/Frameworks",
				);
				PRODUCT_BUNDLE_IDENTIFIER = "Ivan-Bolgov.RandomUserDemo";
				PRODUCT_NAME = "$(TARGET_NAME)";
				SWIFT_VERSION = 5.0;
				TARGETED_DEVICE_FAMILY = "1,2";
			};
			name = Release;
		};
/* End XCBuildConfiguration section */

/* Begin XCConfigurationList section */
		8452BF302418E23B0044A5CC /* Build configuration list for PBXProject "RandomUserDemo" */ = {
			isa = XCConfigurationList;
			buildConfigurations = (
				8452BF472418E23C0044A5CC /* Debug */,
				8452BF482418E23C0044A5CC /* Release */,
			);
			defaultConfigurationIsVisible = 0;
			defaultConfigurationName = Release;
		};
		8452BF492418E23C0044A5CC /* Build configuration list for PBXNativeTarget "RandomUserDemo" */ = {
			isa = XCConfigurationList;
			buildConfigurations = (
				8452BF4A2418E23C0044A5CC /* Debug */,
				8452BF4B2418E23C0044A5CC /* Release */,
			);
			defaultConfigurationIsVisible = 0;
			defaultConfigurationName = Release;
		};
/* End XCConfigurationList section */
	};
	rootObject = 8452BF2D2418E23B0044A5CC /* Project object */;
}
